
Microsoft Visual Studio Solution File, Format Version 12.00
# Visual Studio Version 17
VisualStudioVersion = 17.7.34024.191
MinimumVisualStudioVersion = 10.0.40219.1
Project("{FAE04EC0-301F-11D3-BF4B-00C04F79EFBC}") = "Week4Loops", "Week4Loops\Week4Loops.csproj", "{02D6FFE1-F75C-4961-968F-5292A14C96B2}"
EndProject
Project("{FAE04EC0-301F-11D3-BF4B-00C04F79EFBC}") = "ForLoopSum", "ForLoopSum\ForLoopSum.csproj", "{72A528F0-6DF8-4B57-8AE5-AEDB823E7231}"
EndProject
Project("{FAE04EC0-301F-11D3-BF4B-00C04F79EFBC}") = "RandomNumber", "RandomNumber\RandomNumber.csproj", "{C840674F-4CEE-4160-9DFF-824092DC8C0F}"
EndProject
Project("{FAE04EC0-301F-11D3-BF4B-00C04F79EFBC}") = "WhileLoops", "WhileLoops\WhileLoops.csproj", "{2B8B1D43-F9A6-40A1-95A6-EA86D3207661}"
EndProject
Global
	GlobalSection(SolutionConfigurationPlatforms) = preSolution
		Debug|Any CPU = Debug|Any CPU
		Release|Any CPU = Release|Any CPU
	EndGlobalSection
	GlobalSection(ProjectConfigurationPlatforms) = postSolution
		{02D6FFE1-F75C-4961-968F-5292A14C96B2}.Debug|Any CPU.ActiveCfg = Debug|Any CPU
		{02D6FFE1-F75C-4961-968F-5292A14C96B2}.Debug|Any CPU.Build.0 = Debug|Any CPU
		{02D6FFE1-F75C-4961-968F-5292A14C96B2}.Release|Any CPU.ActiveCfg = Release|Any CPU
		{02D6FFE1-F75C-4961-968F-5292A14C96B2}.Release|Any CPU.Build.0 = Release|Any CPU
		{72A528F0-6DF8-4B57-8AE5-AEDB823E7231}.Debug|Any CPU.ActiveCfg = Debug|Any CPU
		{72A528F0-6DF8-4B57-8AE5-AEDB823E7231}.Debug|Any CPU.Build.0 = Debug|Any CPU
		{72A528F0-6DF8-4B57-8AE5-AEDB823E7231}.Release|Any CPU.ActiveCfg = Release|Any CPU
		{72A528F0-6DF8-4B57-8AE5-AEDB823E7231}.Release|Any CPU.Build.0 = Release|Any CPU
		{C840674F-4CEE-4160-9DFF-824092DC8C0F}.Debug|Any CPU.ActiveCfg = Debug|Any CPU
		{C840674F-4CEE-4160-9DFF-824092DC8C0F}.Debug|Any CPU.Build.0 = Debug|Any CPU
		{C840674F-4CEE-4160-9DFF-824092DC8C0F}.Release|Any CPU.ActiveCfg = Release|Any CPU
		{C840674F-4CEE-4160-9DFF-824092DC8C0F}.Release|Any CPU.Build.0 = Release|Any CPU
		{2B8B1D43-F9A6-40A1-95A6-EA86D3207661}.Debug|Any CPU.ActiveCfg = Debug|Any CPU
		{2B8B1D43-F9A6-40A1-95A6-EA86D3207661}.Debug|Any CPU.Build.0 = Debug|Any CPU
		{2B8B1D43-F9A6-40A1-95A6-EA86D3207661}.Release|Any CPU.ActiveCfg = Release|Any CPU
		{2B8B1D43-F9A6-40A1-95A6-EA86D3207661}.Release|Any CPU.Build.0 = Release|Any CPU
	EndGlobalSection
	GlobalSection(SolutionProperties) = preSolution
		HideSolutionNode = FALSE
	EndGlobalSection
	GlobalSection(ExtensibilityGlobals) = postSolution
		SolutionGuid = {44E334E8-902E-4122-B403-BC3017FCF715}
	EndGlobalSection
EndGlobal
